
Microsoft Visual Studio Solution File, Format Version 12.00
# Visual Studio Version 16
VisualStudioVersion = 16.0.34407.143
MinimumVisualStudioVersion = 10.0.40219.1
Project("{FAE04EC0-301F-11D3-BF4B-00C04F79EFBC}") = "bootytheme", "bootytheme.csproj", "{104BE236-360C-4BA9-ADBC-0C7FAD4D2D2C}"
EndProject
Global
	GlobalSection(SolutionConfigurationPlatforms) = preSolution
		Debug|Any CPU = Debug|Any CPU
		Release|Any CPU = Release|Any CPU
	EndGlobalSection
	GlobalSection(ProjectConfigurationPlatforms) = postSolution
		{104BE236-360C-4BA9-ADBC-0C7FAD4D2D2C}.Debug|Any CPU.ActiveCfg = Debug|Any CPU
		{104BE236-360C-4BA9-ADBC-0C7FAD4D2D2C}.Debug|Any CPU.Build.0 = Debug|Any CPU
		{104BE236-360C-4BA9-ADBC-0C7FAD4D2D2C}.Release|Any CPU.ActiveCfg = Release|Any CPU
		{104BE236-360C-4BA9-ADBC-0C7FAD4D2D2C}.Release|Any CPU.Build.0 = Release|Any CPU
	EndGlobalSection
	GlobalSection(SolutionProperties) = preSolution
		HideSolutionNode = FALSE
	EndGlobalSection
	GlobalSection(ExtensibilityGlobals) = postSolution
		SolutionGuid = {A1B4E09E-3BE2-405E-A93E-DF00E984B912}
	EndGlobalSection
EndGlobal
